
Microsoft Visual Studio Solution File, Format Version 12.00
# Visual Studio Version 16
VisualStudioVersion = 16.0.32510.428
MinimumVisualStudioVersion = 10.0.40219.1
Project("{FAE04EC0-301F-11D3-BF4B-00C04F79EFBC}") = "wındows", "wındows\wındows.csproj", "{E17BEB29-9AEC-400B-9654-FEDDE7A97EC6}"
EndProject
Global
	GlobalSection(SolutionConfigurationPlatforms) = preSolution
		Debug|Any CPU = Debug|Any CPU
		Release|Any CPU = Release|Any CPU
	EndGlobalSection
	GlobalSection(ProjectConfigurationPlatforms) = postSolution
		{E17BEB29-9AEC-400B-9654-FEDDE7A97EC6}.Debug|Any CPU.ActiveCfg = Debug|Any CPU
		{E17BEB29-9AEC-400B-9654-FEDDE7A97EC6}.Debug|Any CPU.Build.0 = Debug|Any CPU
		{E17BEB29-9AEC-400B-9654-FEDDE7A97EC6}.Release|Any CPU.ActiveCfg = Release|Any CPU
		{E17BEB29-9AEC-400B-9654-FEDDE7A97EC6}.Release|Any CPU.Build.0 = Release|Any CPU
	EndGlobalSection
	GlobalSection(SolutionProperties) = preSolution
		HideSolutionNode = FALSE
	EndGlobalSection
	GlobalSection(ExtensibilityGlobals) = postSolution
		SolutionGuid = {D9F3D6A6-6CE2-424A-9B46-D018BD55F54F}
	EndGlobalSection
EndGlobal
